
Microsoft Visual Studio Solution File, Format Version 12.00
# Visual Studio Version 17
VisualStudioVersion = 17.11.35222.181
MinimumVisualStudioVersion = 10.0.40219.1
Project("{9A19103F-16F7-4668-BE54-9A1E7A4F7556}") = "AssignmentExtraEdge", "AssignmentExtraEdge\AssignmentExtraEdge.csproj", "{3BC4F71E-B02C-489E-B1FB-67B2F7F4A2BB}"
EndProject
Project("{FAE04EC0-301F-11D3-BF4B-00C04F79EFBC}") = "UnitTestingforExtraEdge", "UnitTestingforExtraEdge\UnitTestingforExtraEdge.csproj", "{DD4B40FA-E4A0-4605-A45D-5C8DAE6289B3}"
EndProject
Global
	GlobalSection(SolutionConfigurationPlatforms) = preSolution
		Debug|Any CPU = Debug|Any CPU
		Release|Any CPU = Release|Any CPU
	EndGlobalSection
	GlobalSection(ProjectConfigurationPlatforms) = postSolution
		{3BC4F71E-B02C-489E-B1FB-67B2F7F4A2BB}.Debug|Any CPU.ActiveCfg = Debug|Any CPU
		{3BC4F71E-B02C-489E-B1FB-67B2F7F4A2BB}.Debug|Any CPU.Build.0 = Debug|Any CPU
		{3BC4F71E-B02C-489E-B1FB-67B2F7F4A2BB}.Release|Any CPU.ActiveCfg = Release|Any CPU
		{3BC4F71E-B02C-489E-B1FB-67B2F7F4A2BB}.Release|Any CPU.Build.0 = Release|Any CPU
		{DD4B40FA-E4A0-4605-A45D-5C8DAE6289B3}.Debug|Any CPU.ActiveCfg = Debug|Any CPU
		{DD4B40FA-E4A0-4605-A45D-5C8DAE6289B3}.Debug|Any CPU.Build.0 = Debug|Any CPU
		{DD4B40FA-E4A0-4605-A45D-5C8DAE6289B3}.Release|Any CPU.ActiveCfg = Release|Any CPU
		{DD4B40FA-E4A0-4605-A45D-5C8DAE6289B3}.Release|Any CPU.Build.0 = Release|Any CPU
	EndGlobalSection
	GlobalSection(SolutionProperties) = preSolution
		HideSolutionNode = FALSE
	EndGlobalSection
	GlobalSection(ExtensibilityGlobals) = postSolution
		SolutionGuid = {1441FD8E-4105-4D1F-B826-11550C599FA8}
	EndGlobalSection
EndGlobal
